
Microsoft Visual Studio Solution File, Format Version 12.00
# Visual Studio Version 16
VisualStudioVersion = 16.0.30611.23
MinimumVisualStudioVersion = 10.0.40219.1
Project("{9A19103F-16F7-4668-BE54-9A1E7A4F7556}") = "Quipbot", "Core\Quipbot.csproj", "{10392DD3-B6F7-4FFF-B1E3-D1671AE7F08B}"
EndProject
Project("{FAE04EC0-301F-11D3-BF4B-00C04F79EFBC}") = "Console", "Console\Console.csproj", "{8DFB4B17-530F-4851-95B3-1113FF10B6B7}"
EndProject
Project("{2150E333-8FDC-42A3-9474-1A3956D46DE8}") = "Solution Items", "Solution Items", "{004675E9-2542-47DC-95D2-131C24130AE1}"
	ProjectSection(SolutionItems) = preProject
		Icon.png = Icon.png
		Icon_128.png = Icon_128.png
		README.md = README.md
	EndProjectSection
EndProject
Project("{FAE04EC0-301F-11D3-BF4B-00C04F79EFBC}") = "WebView2", "WebView2\WebView2.csproj", "{BFEE0F73-38D1-4B00-8267-0ACE8DD0B8DF}"
EndProject
Project("{FAE04EC0-301F-11D3-BF4B-00C04F79EFBC}") = "Games", "Games\Games.csproj", "{16FBE5C0-8486-4753-9CEB-F8DE2CDBD5BA}"
EndProject
Global
	GlobalSection(SolutionConfigurationPlatforms) = preSolution
		Debug|Any CPU = Debug|Any CPU
		Release|Any CPU = Release|Any CPU
	EndGlobalSection
	GlobalSection(ProjectConfigurationPlatforms) = postSolution
		{10392DD3-B6F7-4FFF-B1E3-D1671AE7F08B}.Debug|Any CPU.ActiveCfg = Debug|Any CPU
		{10392DD3-B6F7-4FFF-B1E3-D1671AE7F08B}.Debug|Any CPU.Build.0 = Debug|Any CPU
		{10392DD3-B6F7-4FFF-B1E3-D1671AE7F08B}.Release|Any CPU.ActiveCfg = Release|Any CPU
		{10392DD3-B6F7-4FFF-B1E3-D1671AE7F08B}.Release|Any CPU.Build.0 = Release|Any CPU
		{8DFB4B17-530F-4851-95B3-1113FF10B6B7}.Debug|Any CPU.ActiveCfg = Debug|Any CPU
		{8DFB4B17-530F-4851-95B3-1113FF10B6B7}.Debug|Any CPU.Build.0 = Debug|Any CPU
		{8DFB4B17-530F-4851-95B3-1113FF10B6B7}.Release|Any CPU.ActiveCfg = Release|Any CPU
		{8DFB4B17-530F-4851-95B3-1113FF10B6B7}.Release|Any CPU.Build.0 = Release|Any CPU
		{BFEE0F73-38D1-4B00-8267-0ACE8DD0B8DF}.Debug|Any CPU.ActiveCfg = Debug|Any CPU
		{BFEE0F73-38D1-4B00-8267-0ACE8DD0B8DF}.Debug|Any CPU.Build.0 = Debug|Any CPU
		{BFEE0F73-38D1-4B00-8267-0ACE8DD0B8DF}.Release|Any CPU.ActiveCfg = Release|Any CPU
		{BFEE0F73-38D1-4B00-8267-0ACE8DD0B8DF}.Release|Any CPU.Build.0 = Release|Any CPU
		{16FBE5C0-8486-4753-9CEB-F8DE2CDBD5BA}.Debug|Any CPU.ActiveCfg = Debug|Any CPU
		{16FBE5C0-8486-4753-9CEB-F8DE2CDBD5BA}.Debug|Any CPU.Build.0 = Debug|Any CPU
		{16FBE5C0-8486-4753-9CEB-F8DE2CDBD5BA}.Release|Any CPU.ActiveCfg = Release|Any CPU
		{16FBE5C0-8486-4753-9CEB-F8DE2CDBD5BA}.Release|Any CPU.Build.0 = Release|Any CPU
	EndGlobalSection
	GlobalSection(SolutionProperties) = preSolution
		HideSolutionNode = FALSE
	EndGlobalSection
	GlobalSection(ExtensibilityGlobals) = postSolution
		SolutionGuid = {075A07BE-7EA7-40E5-909C-2186883AC528}
	EndGlobalSection
EndGlobal
